
Microsoft Visual Studio Solution File, Format Version 12.00
# Visual Studio Version 17
VisualStudioVersion = 17.3.32819.101
MinimumVisualStudioVersion = 10.0.40219.1
Project("{9A19103F-16F7-4668-BE54-9A1E7A4F7556}") = "MillionAndUp.Domain", "MillionAndUp.Domain\MillionAndUp.Domain.csproj", "{FD0D8EF1-2B2D-4520-BAA2-D737E04D1AB2}"
EndProject
Project("{9A19103F-16F7-4668-BE54-9A1E7A4F7556}") = "MillionAndUp.Infraestructure", "MillionAndUp.Infraestructure\MillionAndUp.Infraestructure.csproj", "{1F692A6E-3FDC-42AE-BA4C-8F5CFB0AD82E}"
EndProject
Project("{9A19103F-16F7-4668-BE54-9A1E7A4F7556}") = "MillionAndUp.Infraestructure.Data", "MillionAndUp.Infraestructure.Data\MillionAndUp.Infraestructure.Data.csproj", "{F078CE48-7B10-49BB-A505-CFE0FBC846EF}"
EndProject
Project("{FAE04EC0-301F-11D3-BF4B-00C04F79EFBC}") = "MillionAndUp.Api", "MillionAndUp.Api\MillionAndUp.Api.csproj", "{EDED5519-3B97-492D-9F5D-3B926C9BCB14}"
EndProject
Global
	GlobalSection(SolutionConfigurationPlatforms) = preSolution
		Debug|Any CPU = Debug|Any CPU
		Release|Any CPU = Release|Any CPU
	EndGlobalSection
	GlobalSection(ProjectConfigurationPlatforms) = postSolution
		{FD0D8EF1-2B2D-4520-BAA2-D737E04D1AB2}.Debug|Any CPU.ActiveCfg = Debug|Any CPU
		{FD0D8EF1-2B2D-4520-BAA2-D737E04D1AB2}.Debug|Any CPU.Build.0 = Debug|Any CPU
		{FD0D8EF1-2B2D-4520-BAA2-D737E04D1AB2}.Release|Any CPU.ActiveCfg = Release|Any CPU
		{FD0D8EF1-2B2D-4520-BAA2-D737E04D1AB2}.Release|Any CPU.Build.0 = Release|Any CPU
		{1F692A6E-3FDC-42AE-BA4C-8F5CFB0AD82E}.Debug|Any CPU.ActiveCfg = Debug|Any CPU
		{1F692A6E-3FDC-42AE-BA4C-8F5CFB0AD82E}.Debug|Any CPU.Build.0 = Debug|Any CPU
		{1F692A6E-3FDC-42AE-BA4C-8F5CFB0AD82E}.Release|Any CPU.ActiveCfg = Release|Any CPU
		{1F692A6E-3FDC-42AE-BA4C-8F5CFB0AD82E}.Release|Any CPU.Build.0 = Release|Any CPU
		{F078CE48-7B10-49BB-A505-CFE0FBC846EF}.Debug|Any CPU.ActiveCfg = Debug|Any CPU
		{F078CE48-7B10-49BB-A505-CFE0FBC846EF}.Debug|Any CPU.Build.0 = Debug|Any CPU
		{F078CE48-7B10-49BB-A505-CFE0FBC846EF}.Release|Any CPU.ActiveCfg = Release|Any CPU
		{F078CE48-7B10-49BB-A505-CFE0FBC846EF}.Release|Any CPU.Build.0 = Release|Any CPU
		{EDED5519-3B97-492D-9F5D-3B926C9BCB14}.Debug|Any CPU.ActiveCfg = Debug|Any CPU
		{EDED5519-3B97-492D-9F5D-3B926C9BCB14}.Debug|Any CPU.Build.0 = Debug|Any CPU
		{EDED5519-3B97-492D-9F5D-3B926C9BCB14}.Release|Any CPU.ActiveCfg = Release|Any CPU
		{EDED5519-3B97-492D-9F5D-3B926C9BCB14}.Release|Any CPU.Build.0 = Release|Any CPU
	EndGlobalSection
	GlobalSection(SolutionProperties) = preSolution
		HideSolutionNode = FALSE
	EndGlobalSection
	GlobalSection(ExtensibilityGlobals) = postSolution
		SolutionGuid = {11CB0EE8-445D-4EDD-80DF-A2EE147EAB2D}
	EndGlobalSection
EndGlobal
